
Microsoft Visual Studio Solution File, Format Version 12.00
# Visual Studio Version 17
VisualStudioVersion = 17.2.32616.157
MinimumVisualStudioVersion = 10.0.40219.1
Project("{FAE04EC0-301F-11D3-BF4B-00C04F79EFBC}") = "buttonnew", "buttonnew\buttonnew.csproj", "{53241B0D-630B-4203-B462-14DB2FDC41FC}"
EndProject
Global
	GlobalSection(SolutionConfigurationPlatforms) = preSolution
		Debug|Any CPU = Debug|Any CPU
		Release|Any CPU = Release|Any CPU
	EndGlobalSection
	GlobalSection(ProjectConfigurationPlatforms) = postSolution
		{53241B0D-630B-4203-B462-14DB2FDC41FC}.Debug|Any CPU.ActiveCfg = Debug|Any CPU
		{53241B0D-630B-4203-B462-14DB2FDC41FC}.Debug|Any CPU.Build.0 = Debug|Any CPU
		{53241B0D-630B-4203-B462-14DB2FDC41FC}.Release|Any CPU.ActiveCfg = Release|Any CPU
		{53241B0D-630B-4203-B462-14DB2FDC41FC}.Release|Any CPU.Build.0 = Release|Any CPU
	EndGlobalSection
	GlobalSection(SolutionProperties) = preSolution
		HideSolutionNode = FALSE
	EndGlobalSection
	GlobalSection(ExtensibilityGlobals) = postSolution
		SolutionGuid = {23FBDA55-9BCB-49D7-895A-F4B4F5955BB1}
	EndGlobalSection
EndGlobal
